
Microsoft Visual Studio Solution File, Format Version 12.00
# Visual Studio Version 17
VisualStudioVersion = 17.4.33213.308
MinimumVisualStudioVersion = 10.0.40219.1
Project("{FAE04EC0-301F-11D3-BF4B-00C04F79EFBC}") = "RecapProject1", "RecapProject1\RecapProject1.csproj", "{04A7DBC3-E3A5-442F-9996-45BEA391C13A}"
EndProject
Project("{FAE04EC0-301F-11D3-BF4B-00C04F79EFBC}") = "NLayered.Entities", "NLayered.Entities\NLayered.Entities.csproj", "{7EBF8779-2159-47DC-B16D-CC569ED30159}"
EndProject
Project("{FAE04EC0-301F-11D3-BF4B-00C04F79EFBC}") = "NLayered.DataAccess", "NLayered.DataAccess\NLayered.DataAccess.csproj", "{95D67657-A160-472A-8F5C-D9CCBDF7D855}"
EndProject
Project("{FAE04EC0-301F-11D3-BF4B-00C04F79EFBC}") = "NLayered.Business", "NLayered.Business\NLayered.Business.csproj", "{70BC4264-AE6B-4D36-8B31-1AEC51571D5B}"
EndProject
Project("{FAE04EC0-301F-11D3-BF4B-00C04F79EFBC}") = "NLayered.UserInterface", "NLayered.UserInterface\NLayered.UserInterface.csproj", "{EAB04D7F-F798-418F-9581-70ED741105B2}"
EndProject
Global
	GlobalSection(SolutionConfigurationPlatforms) = preSolution
		Debug|Any CPU = Debug|Any CPU
		Release|Any CPU = Release|Any CPU
	EndGlobalSection
	GlobalSection(ProjectConfigurationPlatforms) = postSolution
		{04A7DBC3-E3A5-442F-9996-45BEA391C13A}.Debug|Any CPU.ActiveCfg = Debug|Any CPU
		{04A7DBC3-E3A5-442F-9996-45BEA391C13A}.Debug|Any CPU.Build.0 = Debug|Any CPU
		{04A7DBC3-E3A5-442F-9996-45BEA391C13A}.Release|Any CPU.ActiveCfg = Release|Any CPU
		{04A7DBC3-E3A5-442F-9996-45BEA391C13A}.Release|Any CPU.Build.0 = Release|Any CPU
		{7EBF8779-2159-47DC-B16D-CC569ED30159}.Debug|Any CPU.ActiveCfg = Debug|Any CPU
		{7EBF8779-2159-47DC-B16D-CC569ED30159}.Debug|Any CPU.Build.0 = Debug|Any CPU
		{7EBF8779-2159-47DC-B16D-CC569ED30159}.Release|Any CPU.ActiveCfg = Release|Any CPU
		{7EBF8779-2159-47DC-B16D-CC569ED30159}.Release|Any CPU.Build.0 = Release|Any CPU
		{95D67657-A160-472A-8F5C-D9CCBDF7D855}.Debug|Any CPU.ActiveCfg = Debug|Any CPU
		{95D67657-A160-472A-8F5C-D9CCBDF7D855}.Debug|Any CPU.Build.0 = Debug|Any CPU
		{95D67657-A160-472A-8F5C-D9CCBDF7D855}.Release|Any CPU.ActiveCfg = Release|Any CPU
		{95D67657-A160-472A-8F5C-D9CCBDF7D855}.Release|Any CPU.Build.0 = Release|Any CPU
		{70BC4264-AE6B-4D36-8B31-1AEC51571D5B}.Debug|Any CPU.ActiveCfg = Debug|Any CPU
		{70BC4264-AE6B-4D36-8B31-1AEC51571D5B}.Debug|Any CPU.Build.0 = Debug|Any CPU
		{70BC4264-AE6B-4D36-8B31-1AEC51571D5B}.Release|Any CPU.ActiveCfg = Release|Any CPU
		{70BC4264-AE6B-4D36-8B31-1AEC51571D5B}.Release|Any CPU.Build.0 = Release|Any CPU
		{EAB04D7F-F798-418F-9581-70ED741105B2}.Debug|Any CPU.ActiveCfg = Debug|Any CPU
		{EAB04D7F-F798-418F-9581-70ED741105B2}.Debug|Any CPU.Build.0 = Debug|Any CPU
		{EAB04D7F-F798-418F-9581-70ED741105B2}.Release|Any CPU.ActiveCfg = Release|Any CPU
		{EAB04D7F-F798-418F-9581-70ED741105B2}.Release|Any CPU.Build.0 = Release|Any CPU
	EndGlobalSection
	GlobalSection(SolutionProperties) = preSolution
		HideSolutionNode = FALSE
	EndGlobalSection
	GlobalSection(ExtensibilityGlobals) = postSolution
		SolutionGuid = {553F3741-F17C-4D6F-A35F-1C0F83D7921C}
	EndGlobalSection
EndGlobal
